
Microsoft Visual Studio Solution File, Format Version 12.00
# Visual Studio Version 17
VisualStudioVersion = 17.1.32319.34
MinimumVisualStudioVersion = 10.0.40219.1
Project("{9A19103F-16F7-4668-BE54-9A1E7A4F7556}") = "MedicApp.SharedKernel", "src\MedicApp.SharedKernel\MedicApp.SharedKernel.csproj", "{E5C0758E-461D-4A66-94BD-2B01F8A876DD}"
EndProject
Project("{9A19103F-16F7-4668-BE54-9A1E7A4F7556}") = "ClinicManagement.ApplicationCore", "src\ClinicManagement.ApplicationCore\ClinicManagement.ApplicationCore.csproj", "{9C1F3FD3-BE46-49D6-9183-059215C92D9D}"
EndProject
Project("{9A19103F-16F7-4668-BE54-9A1E7A4F7556}") = "ClinicManagement.Infrastructure", "src\ClinicManagement.Infrastructure\ClinicManagement.Infrastructure.csproj", "{180272DF-8ADC-40F0-A20B-D150303890CA}"
EndProject
Project("{FAE04EC0-301F-11D3-BF4B-00C04F79EFBC}") = "ClinicManagement.Api", "src\ClinicManagement.Api\ClinicManagement.Api.csproj", "{8405A85A-7625-4D41-8FC4-BB05DE89E4F1}"
EndProject
Global
	GlobalSection(SolutionConfigurationPlatforms) = preSolution
		Debug|Any CPU = Debug|Any CPU
		Release|Any CPU = Release|Any CPU
	EndGlobalSection
	GlobalSection(ProjectConfigurationPlatforms) = postSolution
		{E5C0758E-461D-4A66-94BD-2B01F8A876DD}.Debug|Any CPU.ActiveCfg = Debug|Any CPU
		{E5C0758E-461D-4A66-94BD-2B01F8A876DD}.Debug|Any CPU.Build.0 = Debug|Any CPU
		{E5C0758E-461D-4A66-94BD-2B01F8A876DD}.Release|Any CPU.ActiveCfg = Release|Any CPU
		{E5C0758E-461D-4A66-94BD-2B01F8A876DD}.Release|Any CPU.Build.0 = Release|Any CPU
		{9C1F3FD3-BE46-49D6-9183-059215C92D9D}.Debug|Any CPU.ActiveCfg = Debug|Any CPU
		{9C1F3FD3-BE46-49D6-9183-059215C92D9D}.Debug|Any CPU.Build.0 = Debug|Any CPU
		{9C1F3FD3-BE46-49D6-9183-059215C92D9D}.Release|Any CPU.ActiveCfg = Release|Any CPU
		{9C1F3FD3-BE46-49D6-9183-059215C92D9D}.Release|Any CPU.Build.0 = Release|Any CPU
		{180272DF-8ADC-40F0-A20B-D150303890CA}.Debug|Any CPU.ActiveCfg = Debug|Any CPU
		{180272DF-8ADC-40F0-A20B-D150303890CA}.Debug|Any CPU.Build.0 = Debug|Any CPU
		{180272DF-8ADC-40F0-A20B-D150303890CA}.Release|Any CPU.ActiveCfg = Release|Any CPU
		{180272DF-8ADC-40F0-A20B-D150303890CA}.Release|Any CPU.Build.0 = Release|Any CPU
		{8405A85A-7625-4D41-8FC4-BB05DE89E4F1}.Debug|Any CPU.ActiveCfg = Debug|Any CPU
		{8405A85A-7625-4D41-8FC4-BB05DE89E4F1}.Debug|Any CPU.Build.0 = Debug|Any CPU
		{8405A85A-7625-4D41-8FC4-BB05DE89E4F1}.Release|Any CPU.ActiveCfg = Release|Any CPU
		{8405A85A-7625-4D41-8FC4-BB05DE89E4F1}.Release|Any CPU.Build.0 = Release|Any CPU
	EndGlobalSection
	GlobalSection(SolutionProperties) = preSolution
		HideSolutionNode = FALSE
	EndGlobalSection
	GlobalSection(ExtensibilityGlobals) = postSolution
		SolutionGuid = {99347160-F2AD-463E-9A5B-6974F758C082}
	EndGlobalSection
EndGlobal
